
Microsoft Visual Studio Solution File, Format Version 12.00
# Visual Studio Version 17
VisualStudioVersion = 17.8.34330.188
MinimumVisualStudioVersion = 10.0.40219.1
Project("{FAE04EC0-301F-11D3-BF4B-00C04F79EFBC}") = "anime_api", "anime_api\anime_api.csproj", "{3D48E7CE-DCFC-42E0-8DC5-73D064610383}"
EndProject
Project("{FAE04EC0-301F-11D3-BF4B-00C04F79EFBC}") = "anime_api_shared", "anime_api_shared\anime_api_shared.csproj", "{A983804B-D704-4E14-B0FD-7D1B2482FC9A}"
EndProject
Project("{FAE04EC0-301F-11D3-BF4B-00C04F79EFBC}") = "anime_api_test", "TestProject1\anime_api_test.csproj", "{E15D7B3D-BC17-4BB5-B3F6-6534DDB307A1}"
EndProject
Global
	GlobalSection(SolutionConfigurationPlatforms) = preSolution
		Debug|Any CPU = Debug|Any CPU
		Release|Any CPU = Release|Any CPU
	EndGlobalSection
	GlobalSection(ProjectConfigurationPlatforms) = postSolution
		{3D48E7CE-DCFC-42E0-8DC5-73D064610383}.Debug|Any CPU.ActiveCfg = Debug|Any CPU
		{3D48E7CE-DCFC-42E0-8DC5-73D064610383}.Debug|Any CPU.Build.0 = Debug|Any CPU
		{3D48E7CE-DCFC-42E0-8DC5-73D064610383}.Release|Any CPU.ActiveCfg = Release|Any CPU
		{3D48E7CE-DCFC-42E0-8DC5-73D064610383}.Release|Any CPU.Build.0 = Release|Any CPU
		{A983804B-D704-4E14-B0FD-7D1B2482FC9A}.Debug|Any CPU.ActiveCfg = Debug|Any CPU
		{A983804B-D704-4E14-B0FD-7D1B2482FC9A}.Debug|Any CPU.Build.0 = Debug|Any CPU
		{A983804B-D704-4E14-B0FD-7D1B2482FC9A}.Release|Any CPU.ActiveCfg = Release|Any CPU
		{A983804B-D704-4E14-B0FD-7D1B2482FC9A}.Release|Any CPU.Build.0 = Release|Any CPU
		{E15D7B3D-BC17-4BB5-B3F6-6534DDB307A1}.Debug|Any CPU.ActiveCfg = Debug|Any CPU
		{E15D7B3D-BC17-4BB5-B3F6-6534DDB307A1}.Debug|Any CPU.Build.0 = Debug|Any CPU
		{E15D7B3D-BC17-4BB5-B3F6-6534DDB307A1}.Release|Any CPU.ActiveCfg = Release|Any CPU
		{E15D7B3D-BC17-4BB5-B3F6-6534DDB307A1}.Release|Any CPU.Build.0 = Release|Any CPU
	EndGlobalSection
	GlobalSection(SolutionProperties) = preSolution
		HideSolutionNode = FALSE
	EndGlobalSection
	GlobalSection(ExtensibilityGlobals) = postSolution
		SolutionGuid = {7841B2F5-4B42-4E5E-BD74-3A7010C90E89}
	EndGlobalSection
EndGlobal
